
Microsoft Visual Studio Solution File, Format Version 12.00
# Visual Studio Version 16
VisualStudioVersion = 16.0.29613.14
MinimumVisualStudioVersion = 10.0.40219.1
Project("{FAE04EC0-301F-11D3-BF4B-00C04F79EFBC}") = "HTTP_StreamFilter", "HTTP_StreamFilter\HTTP_StreamFilter.csproj", "{9620BAA4-20CE-4E1E-A8A6-C77529B69758}"
EndProject
Global
	GlobalSection(SolutionConfigurationPlatforms) = preSolution
		Debug|Any CPU = Debug|Any CPU
		Release|Any CPU = Release|Any CPU
	EndGlobalSection
	GlobalSection(ProjectConfigurationPlatforms) = postSolution
		{9620BAA4-20CE-4E1E-A8A6-C77529B69758}.Debug|Any CPU.ActiveCfg = Debug|Any CPU
		{9620BAA4-20CE-4E1E-A8A6-C77529B69758}.Debug|Any CPU.Build.0 = Debug|Any CPU
		{9620BAA4-20CE-4E1E-A8A6-C77529B69758}.Release|Any CPU.ActiveCfg = Release|Any CPU
		{9620BAA4-20CE-4E1E-A8A6-C77529B69758}.Release|Any CPU.Build.0 = Release|Any CPU
	EndGlobalSection
	GlobalSection(SolutionProperties) = preSolution
		HideSolutionNode = FALSE
	EndGlobalSection
	GlobalSection(ExtensibilityGlobals) = postSolution
		SolutionGuid = {B3A55EAA-BD36-4486-97B3-2A33880E9091}
	EndGlobalSection
EndGlobal
